
Microsoft Visual Studio Solution File, Format Version 12.00
# Visual Studio Version 17
VisualStudioVersion = 17.8.34322.80
MinimumVisualStudioVersion = 10.0.40219.1
Project("{FAE04EC0-301F-11D3-BF4B-00C04F79EFBC}") = "Contraseña", "Contraseña\Contraseña.csproj", "{2F29961B-D366-4C44-B509-DEB3C7A5F0AD}"
EndProject
Global
	GlobalSection(SolutionConfigurationPlatforms) = preSolution
		Debug|Any CPU = Debug|Any CPU
		Release|Any CPU = Release|Any CPU
	EndGlobalSection
	GlobalSection(ProjectConfigurationPlatforms) = postSolution
		{2F29961B-D366-4C44-B509-DEB3C7A5F0AD}.Debug|Any CPU.ActiveCfg = Debug|Any CPU
		{2F29961B-D366-4C44-B509-DEB3C7A5F0AD}.Debug|Any CPU.Build.0 = Debug|Any CPU
		{2F29961B-D366-4C44-B509-DEB3C7A5F0AD}.Release|Any CPU.ActiveCfg = Release|Any CPU
		{2F29961B-D366-4C44-B509-DEB3C7A5F0AD}.Release|Any CPU.Build.0 = Release|Any CPU
	EndGlobalSection
	GlobalSection(SolutionProperties) = preSolution
		HideSolutionNode = FALSE
	EndGlobalSection
	GlobalSection(ExtensibilityGlobals) = postSolution
		SolutionGuid = {32EF20CB-9F32-4535-9710-265A896EF178}
	EndGlobalSection
EndGlobal
